<?xml version="1.0" encoding="utf-8"?>
<Project ToolsVersion="4.0" xmlns="http://schemas.microsoft.com/developer/msbuild/2003">
  <ItemGroup>
    <Filter Include="소스 파일">
      <UniqueIdentifier>{4FC737F1-C7A5-4376-A066-2A32D752A2FF}</UniqueIdentifier>
      <Extensions>cpp;c;cc;cxx;def;odl;idl;hpj;bat;asm;asmx</Extensions>
    </Filter>
    <Filter Include="헤더 파일">
      <UniqueIdentifier>{93995380-89BD-4b04-88EB-625FBE52EBFB}</UniqueIdentifier>
      <Extensions>h;hh;hpp;hxx;hm;inl;inc;ipp;xsd</Extensions>
    </Filter>
    <Filter Include="리소스 파일">
      <UniqueIdentifier>{67DA6AB6-F800-4c08-8B7A-83BB121AAD01}</UniqueIdentifier>
      <Extensions>rc;ico;cur;bmp;dlg;rc2;rct;bin;rgs;gif;jpg;jpeg;jpe;resx;tiff;tif;png;wav;mfcribbon-ms</Extensions>
    </Filter>
  </ItemGroup>
  <ItemGroup>
    <ClInclude Include="Interfaces\ICloneable.h">
      <Filter>헤더 파일</Filter>
    </ClInclude>
    <ClInclude Include="Interfaces\IEvent.h">
      <Filter>헤더 파일</Filter>
    </ClInclude>
    <ClInclude Include="Render\BufferManager.h">
      <Filter>헤더 파일</Filter>
    </ClInclude>
    <ClInclude Include="Render\ImageManager.h">
      <Filter>헤더 파일</Filter>
    </ClInclude>
    <ClInclude Include="Render\RenderTargetBuffer.h">
      <Filter>헤더 파일</Filter>
    </ClInclude>
    <ClInclude Include="Render\Shader.h">
      <Filter>헤더 파일</Filter>
    </ClInclude>
    <ClInclude Include="Render\ShaderBuffer.h">
      <Filter>헤더 파일</Filter>
    </ClInclude>
    <ClInclude Include="Render\ShaderManager.h">
      <Filter>헤더 파일</Filter>
    </ClInclude>
    <ClInclude Include="Render\States.h">
      <Filter>헤더 파일</Filter>
    </ClInclude>
    <ClInclude Include="Render\Texture.h">
      <Filter>헤더 파일</Filter>
    </ClInclude>
    <ClInclude Include="Render\VertexLayout.h">
      <Filter>헤더 파일</Filter>
    </ClInclude>
    <ClInclude Include="Render\WorldBuffer.h">
      <Filter>헤더 파일</Filter>
    </ClInclude>
    <ClInclude Include="System\Manage\EffectManager.h">
      <Filter>헤더 파일</Filter>
    </ClInclude>
    <ClInclude Include="System\Manage\MessageManager.h">
      <Filter>헤더 파일</Filter>
    </ClInclude>
    <ClInclude Include="System\Manage\ObjectManager.h">
      <Filter>헤더 파일</Filter>
    </ClInclude>
    <ClInclude Include="System\Manage\RenderManager.h">
      <Filter>헤더 파일</Filter>
    </ClInclude>
    <ClInclude Include="System\Manage\SceneManager.h">
      <Filter>헤더 파일</Filter>
    </ClInclude>
    <ClInclude Include="System\Manage\SoundManager.h">
      <Filter>헤더 파일</Filter>
    </ClInclude>
    <ClInclude Include="System\Message\DataContext.h">
      <Filter>헤더 파일</Filter>
    </ClInclude>
    <ClInclude Include="System\Message\MessageComponent.h">
      <Filter>헤더 파일</Filter>
    </ClInclude>
    <ClInclude Include="System\Object\GameObject.h">
      <Filter>헤더 파일</Filter>
    </ClInclude>
    <ClInclude Include="System\D2DRenderer.h">
      <Filter>헤더 파일</Filter>
    </ClInclude>
    <ClInclude Include="System\DxRenderer.h">
      <Filter>헤더 파일</Filter>
    </ClInclude>
    <ClInclude Include="System\Event.h">
      <Filter>헤더 파일</Filter>
    </ClInclude>
    <ClInclude Include="System\Keyboard.h">
      <Filter>헤더 파일</Filter>
    </ClInclude>
    <ClInclude Include="System\Mouse.h">
      <Filter>헤더 파일</Filter>
    </ClInclude>
    <ClInclude Include="System\Time.h">
      <Filter>헤더 파일</Filter>
    </ClInclude>
    <ClInclude Include="Utilities\BinaryFile.h">
      <Filter>헤더 파일</Filter>
    </ClInclude>
    <ClInclude Include="Utilities\Buffer.h">
      <Filter>헤더 파일</Filter>
    </ClInclude>
    <ClInclude Include="Utilities\FloatRect.h">
      <Filter>헤더 파일</Filter>
    </ClInclude>
    <ClInclude Include="Utilities\ImGuiHelper.h">
      <Filter>헤더 파일</Filter>
    </ClInclude>
    <ClInclude Include="Utilities\Json.h">
      <Filter>헤더 파일</Filter>
    </ClInclude>
    <ClInclude Include="Utilities\Line.h">
      <Filter>헤더 파일</Filter>
    </ClInclude>
    <ClInclude Include="Utilities\Logging.h">
      <Filter>헤더 파일</Filter>
    </ClInclude>
    <ClInclude Include="Utilities\Math.h">
      <Filter>헤더 파일</Filter>
    </ClInclude>
    <ClInclude Include="Utilities\Matrix2D.h">
      <Filter>헤더 파일</Filter>
    </ClInclude>
    <ClInclude Include="Utilities\Matrix2x2.h">
      <Filter>헤더 파일</Filter>
    </ClInclude>
    <ClInclude Include="Utilities\Path.h">
      <Filter>헤더 파일</Filter>
    </ClInclude>
    <ClInclude Include="Utilities\String.h">
      <Filter>헤더 파일</Filter>
    </ClInclude>
    <ClInclude Include="View\CameraManager.h">
      <Filter>헤더 파일</Filter>
    </ClInclude>
    <ClInclude Include="DefineHeader.h">
      <Filter>헤더 파일</Filter>
    </ClInclude>
    <ClInclude Include="EnumHelper.h">
      <Filter>헤더 파일</Filter>
    </ClInclude>
    <ClInclude Include="ModuleHeader.h">
      <Filter>헤더 파일</Filter>
    </ClInclude>
    <ClInclude Include="Mukbe.h">
      <Filter>헤더 파일</Filter>
    </ClInclude>
    <ClInclude Include="System\SceneBase.h">
      <Filter>헤더 파일</Filter>
    </ClInclude>
    <ClInclude Include="Utilities\Animation.h">
      <Filter>헤더 파일</Filter>
    </ClInclude>
    <ClInclude Include="Utilities\Animator.h">
      <Filter>헤더 파일</Filter>
    </ClInclude>
    <ClInclude Include="Render\ComputeShader\ComputeResource.h">
      <Filter>헤더 파일</Filter>
    </ClInclude>
    <ClInclude Include="Render\ComputeShader\ComputeShader.h">
      <Filter>헤더 파일</Filter>
    </ClInclude>
    <ClInclude Include="System\Object\MapTool.h">
      <Filter>헤더 파일</Filter>
    </ClInclude>
    <ClInclude Include="System\Object\Tile.h">
      <Filter>헤더 파일</Filter>
    </ClInclude>
    <ClInclude Include="Utilities\ProgressBar.h">
      <Filter>헤더 파일</Filter>
    </ClInclude>
  </ItemGroup>
  <ItemGroup>
    <ClCompile Include="Render\BufferManager.cpp">
      <Filter>소스 파일</Filter>
    </ClCompile>
    <ClCompile Include="Render\ImageManager.cpp">
      <Filter>소스 파일</Filter>
    </ClCompile>
    <ClCompile Include="Render\RenderTargetBuffer.cpp">
      <Filter>소스 파일</Filter>
    </ClCompile>
    <ClCompile Include="Render\Shader.cpp">
      <Filter>소스 파일</Filter>
    </ClCompile>
    <ClCompile Include="Render\ShaderManager.cpp">
      <Filter>소스 파일</Filter>
    </ClCompile>
    <ClCompile Include="Render\States.cpp">
      <Filter>소스 파일</Filter>
    </ClCompile>
    <ClCompile Include="Render\Texture.cpp">
      <Filter>소스 파일</Filter>
    </ClCompile>
    <ClCompile Include="System\Manage\EffectManager.cpp">
      <Filter>소스 파일</Filter>
    </ClCompile>
    <ClCompile Include="System\Manage\MessageManager.cpp">
      <Filter>소스 파일</Filter>
    </ClCompile>
    <ClCompile Include="System\Manage\ObjectManager.cpp">
      <Filter>소스 파일</Filter>
    </ClCompile>
    <ClCompile Include="System\Manage\RenderManager.cpp">
      <Filter>소스 파일</Filter>
    </ClCompile>
    <ClCompile Include="System\Manage\SceneManager.cpp">
      <Filter>소스 파일</Filter>
    </ClCompile>
    <ClCompile Include="System\Manage\SoundManager.cpp">
      <Filter>소스 파일</Filter>
    </ClCompile>
    <ClCompile Include="System\Message\DataContext.cpp">
      <Filter>소스 파일</Filter>
    </ClCompile>
    <ClCompile Include="System\Message\MessageComponent.cpp">
      <Filter>소스 파일</Filter>
    </ClCompile>
    <ClCompile Include="System\Object\GameObject.cpp">
      <Filter>소스 파일</Filter>
    </ClCompile>
    <ClCompile Include="System\D2DRenderer.cpp">
      <Filter>소스 파일</Filter>
    </ClCompile>
    <ClCompile Include="System\DxRenderer.cpp">
      <Filter>소스 파일</Filter>
    </ClCompile>
    <ClCompile Include="System\Event.cpp">
      <Filter>소스 파일</Filter>
    </ClCompile>
    <ClCompile Include="System\Keyboard.cpp">
      <Filter>소스 파일</Filter>
    </ClCompile>
    <ClCompile Include="System\Mouse.cpp">
      <Filter>소스 파일</Filter>
    </ClCompile>
    <ClCompile Include="System\Time.cpp">
      <Filter>소스 파일</Filter>
    </ClCompile>
    <ClCompile Include="Utilities\BinaryFile.cpp">
      <Filter>소스 파일</Filter>
    </ClCompile>
    <ClCompile Include="Utilities\Buffer.cpp">
      <Filter>소스 파일</Filter>
    </ClCompile>
    <ClCompile Include="Utilities\FloatRect.cpp">
      <Filter>소스 파일</Filter>
    </ClCompile>
    <ClCompile Include="Utilities\ImGuiHelper.cpp">
      <Filter>소스 파일</Filter>
    </ClCompile>
    <ClCompile Include="Utilities\Json.cpp">
      <Filter>소스 파일</Filter>
    </ClCompile>
    <ClCompile Include="Utilities\Line.cpp">
      <Filter>소스 파일</Filter>
    </ClCompile>
    <ClCompile Include="Utilities\Logging.cpp">
      <Filter>소스 파일</Filter>
    </ClCompile>
    <ClCompile Include="Utilities\Math.cpp">
      <Filter>소스 파일</Filter>
    </ClCompile>
    <ClCompile Include="Utilities\Matrix2D.cpp">
      <Filter>소스 파일</Filter>
    </ClCompile>
    <ClCompile Include="Utilities\Path.cpp">
      <Filter>소스 파일</Filter>
    </ClCompile>
    <ClCompile Include="Utilities\String.cpp">
      <Filter>소스 파일</Filter>
    </ClCompile>
    <ClCompile Include="View\CameraManager.cpp">
      <Filter>소스 파일</Filter>
    </ClCompile>
    <ClCompile Include="System\SceneBase.cpp">
      <Filter>소스 파일</Filter>
    </ClCompile>
    <ClCompile Include="Utilities\Animation.cpp">
      <Filter>소스 파일</Filter>
    </ClCompile>
    <ClCompile Include="Utilities\Animator.cpp">
      <Filter>소스 파일</Filter>
    </ClCompile>
    <ClCompile Include="Render\ComputeShader\ComputeResource.cpp">
      <Filter>소스 파일</Filter>
    </ClCompile>
    <ClCompile Include="Render\ComputeShader\ComputeShader.cpp">
      <Filter>소스 파일</Filter>
    </ClCompile>
    <ClCompile Include="System\Object\MapTool.cpp">
      <Filter>소스 파일</Filter>
    </ClCompile>
    <ClCompile Include="System\Object\Tile.cpp">
      <Filter>소스 파일</Filter>
    </ClCompile>
    <ClCompile Include="Utilities\ProgressBar.cpp">
      <Filter>소스 파일</Filter>
    </ClCompile>
  </ItemGroup>
</Project>